// !$*UTF8*$!
{
	archiveVersion = 1;
	classes = {
	};
	objectVersion = 51;
	objects = {

/* Begin PBXBuildFile section */
		3706DD79278E0FCE0043CF19 /* Friendship.swift in Sources */ = {isa = PBXBuildFile; fileRef = 3706DD78278E0FCE0043CF19 /* Friendship.swift */; };
		37104687284FD7D700898D7A /* UserCache.swift in Sources */ = {isa = PBXBuildFile; fileRef = 37104686284FD7D700898D7A /* UserCache.swift */; };
		37375E31278FB16600DD8717 /* ZFSingleCardViewController.swift in Sources */ = {isa = PBXBuildFile; fileRef = 37375E30278FB16500DD8717 /* ZFSingleCardViewController.swift */; };
		37B90B7F27CEC60D00DCD657 /* LoadingViewController.swift in Sources */ = {isa = PBXBuildFile; fileRef = 37B90B7D27CEC60D00DCD657 /* LoadingViewController.swift */; };
		37B90B8027CEC60D00DCD657 /* LocationDeniedViewController.swift in Sources */ = {isa = PBXBuildFile; fileRef = 37B90B7E27CEC60D00DCD657 /* LocationDeniedViewController.swift */; };
		37B90B8527CEC63B00DCD657 /* AddImageCollectionViewCell.swift in Sources */ = {isa = PBXBuildFile; fileRef = 37B90B8327CEC63B00DCD657 /* AddImageCollectionViewCell.swift */; };
		37B90B8627CEC63B00DCD657 /* EditPicturesCollectionViewCell.swift in Sources */ = {isa = PBXBuildFile; fileRef = 37B90B8427CEC63B00DCD657 /* EditPicturesCollectionViewCell.swift */; };
		37B90B8827CEC67B00DCD657 /* GooglePlacesManager.swift in Sources */ = {isa = PBXBuildFile; fileRef = 37B90B8727CEC67B00DCD657 /* GooglePlacesManager.swift */; };
		37B90B8A27CEC6B900DCD657 /* PictureHolder.swift in Sources */ = {isa = PBXBuildFile; fileRef = 37B90B8927CEC6B900DCD657 /* PictureHolder.swift */; };
		C80627E2274D5A410028E852 /* GeoManager.swift in Sources */ = {isa = PBXBuildFile; fileRef = C80627E1274D5A410028E852 /* GeoManager.swift */; };
		C80627E4274D62AE0028E852 /* GoogleService-Info.plist in Resources */ = {isa = PBXBuildFile; fileRef = C80627E3274D62AE0028E852 /* GoogleService-Info.plist */; };
		C80E619726680C70004FE2ED /* AppDelegate.swift in Sources */ = {isa = PBXBuildFile; fileRef = C80E619626680C70004FE2ED /* AppDelegate.swift */; };
		C80E619926680C70004FE2ED /* SceneDelegate.swift in Sources */ = {isa = PBXBuildFile; fileRef = C80E619826680C70004FE2ED /* SceneDelegate.swift */; };
		C80E61A026680C73004FE2ED /* Assets.xcassets in Resources */ = {isa = PBXBuildFile; fileRef = C80E619F26680C73004FE2ED /* Assets.xcassets */; };
		C80E61AB26680D0A004FE2ED /* ProfileViewController.swift in Sources */ = {isa = PBXBuildFile; fileRef = C80E61AA26680D0A004FE2ED /* ProfileViewController.swift */; };
		C81D0A6426FA900F00EE3131 /* HostsViewController.swift in Sources */ = {isa = PBXBuildFile; fileRef = C81D0A6326FA900F00EE3131 /* HostsViewController.swift */; };
		C8597AC627879E6D00811EB9 /* UserPhotosViewController.swift in Sources */ = {isa = PBXBuildFile; fileRef = C8597AC527879E6D00811EB9 /* UserPhotosViewController.swift */; };
		C8597AC827879F8600811EB9 /* CreateEventViewController.swift in Sources */ = {isa = PBXBuildFile; fileRef = C8597AC727879F8600811EB9 /* CreateEventViewController.swift */; };
		C86027E326A9D12400449596 /* MyEventsViewController.swift in Sources */ = {isa = PBXBuildFile; fileRef = C86027E226A9D12400449596 /* MyEventsViewController.swift */; };
		C86027E526AF0A7E00449596 /* MyZipsViewController.swift in Sources */ = {isa = PBXBuildFile; fileRef = C86027E426AF0A7E00449596 /* MyZipsViewController.swift */; };
		C86027E826AF0B8A00449596 /* MyZipsTableViewCell.swift in Sources */ = {isa = PBXBuildFile; fileRef = C86027E726AF0B8A00449596 /* MyZipsTableViewCell.swift */; };
		C86027EB26AF4FE800449596 /* ZipListViewController.swift in Sources */ = {isa = PBXBuildFile; fileRef = C86027EA26AF4FE800449596 /* ZipListViewController.swift */; };
		C86027ED26AF51FB00449596 /* ZipListTableViewCell.swift in Sources */ = {isa = PBXBuildFile; fileRef = C86027EC26AF51FB00449596 /* ZipListTableViewCell.swift */; };
		C86027EF26AF641700449596 /* OtherProfileViewController.swift in Sources */ = {isa = PBXBuildFile; fileRef = C86027EE26AF641700449596 /* OtherProfileViewController.swift */; };
		C86027F226B1DD4D00449596 /* ZFCardFrontView.swift in Sources */ = {isa = PBXBuildFile; fileRef = C86027F126B1DD4D00449596 /* ZFCardFrontView.swift */; };
		C86027F426B1DD7400449596 /* ZFCardBackView.swift in Sources */ = {isa = PBXBuildFile; fileRef = C86027F326B1DD7400449596 /* ZFCardBackView.swift */; };
		C86027F626B3553100449596 /* ProfileTableViewCell.swift in Sources */ = {isa = PBXBuildFile; fileRef = C86027F526B3553100449596 /* ProfileTableViewCell.swift */; };
		C86027F826B86F1E00449596 /* EditProfileViewController.swift in Sources */ = {isa = PBXBuildFile; fileRef = C86027F726B86F1D00449596 /* EditProfileViewController.swift */; };
		C86027FB26B88BF400449596 /* GrowingCellTableViewCell.swift in Sources */ = {isa = PBXBuildFile; fileRef = C86027FA26B88BF400449596 /* GrowingCellTableViewCell.swift */; };
		C86027FD26B89D5600449596 /* NameTableViewCell.swift in Sources */ = {isa = PBXBuildFile; fileRef = C86027FC26B89D5600449596 /* NameTableViewCell.swift */; };
		C86027FF26B9A8A700449596 /* SchoolSearchViewController.swift in Sources */ = {isa = PBXBuildFile; fileRef = C86027FE26B9A8A700449596 /* SchoolSearchViewController.swift */; };
		C860280126B9D64D00449596 /* InterestSelectionViewController.swift in Sources */ = {isa = PBXBuildFile; fileRef = C860280026B9D64D00449596 /* InterestSelectionViewController.swift */; };
		C860280326B9DAC800449596 /* InterestsCollectionViewCell.swift in Sources */ = {isa = PBXBuildFile; fileRef = C860280226B9DAC800449596 /* InterestsCollectionViewCell.swift */; };
		C860280626C402C400449596 /* NewPublicEventViewController.swift in Sources */ = {isa = PBXBuildFile; fileRef = C860280526C402C300449596 /* NewPublicEventViewController.swift */; };
		C860281226CDA1C900449596 /* NewsNotificationTableViewCell.swift in Sources */ = {isa = PBXBuildFile; fileRef = C860281126CDA1C900449596 /* NewsNotificationTableViewCell.swift */; };
		C860281526CDA25100449596 /* ZipRequestTableViewCell.swift in Sources */ = {isa = PBXBuildFile; fileRef = C860281426CDA25100449596 /* ZipRequestTableViewCell.swift */; };
		C860281726CDA26C00449596 /* ZipAcceptedTableViewCell.swift in Sources */ = {isa = PBXBuildFile; fileRef = C860281626CDA26C00449596 /* ZipAcceptedTableViewCell.swift */; };
		C860281926CDA28700449596 /* EventInviteTableViewCell.swift in Sources */ = {isa = PBXBuildFile; fileRef = C860281826CDA28700449596 /* EventInviteTableViewCell.swift */; };
		C860281B26CDA2C400449596 /* EventUpdateTableViewCell.swift in Sources */ = {isa = PBXBuildFile; fileRef = C860281A26CDA2C400449596 /* EventUpdateTableViewCell.swift */; };
		C860281D26CDA4F900449596 /* EventPublicTableViewCell.swift in Sources */ = {isa = PBXBuildFile; fileRef = C860281C26CDA4F900449596 /* EventPublicTableViewCell.swift */; };
		C860281F26CEE53100449596 /* ZipRequestsViewController.swift in Sources */ = {isa = PBXBuildFile; fileRef = C860281E26CEE53100449596 /* ZipRequestsViewController.swift */; };
		C860282126D4318100449596 /* FiltersViewController.swift in Sources */ = {isa = PBXBuildFile; fileRef = C860282026D4318100449596 /* FiltersViewController.swift */; };
		C860282326D8236A00449596 /* ChatViewController.swift in Sources */ = {isa = PBXBuildFile; fileRef = C860282226D8236A00449596 /* ChatViewController.swift */; };
		C860282526DAB64500449596 /* NewPrivateEventViewController.swift in Sources */ = {isa = PBXBuildFile; fileRef = C860282426DAB64500449596 /* NewPrivateEventViewController.swift */; };
		C860282726DAD49F00449596 /* InviteTableViewCell.swift in Sources */ = {isa = PBXBuildFile; fileRef = C860282626DAD49F00449596 /* InviteTableViewCell.swift */; };
		C8812034270E6356009BF426 /* ConversationTableViewCell.swift in Sources */ = {isa = PBXBuildFile; fileRef = C8812033270E6356009BF426 /* ConversationTableViewCell.swift */; };
		C8812036270F8CEA009BF426 /* newConversationCell.swift in Sources */ = {isa = PBXBuildFile; fileRef = C8812035270F8CEA009BF426 /* newConversationCell.swift */; };
		C8812038270F9993009BF426 /* Extensions.swift in Sources */ = {isa = PBXBuildFile; fileRef = C8812037270F9993009BF426 /* Extensions.swift */; };
		C883C8F52742E21200BD36FB /* FPCViewController.swift in Sources */ = {isa = PBXBuildFile; fileRef = C883C8F42742E21200BD36FB /* FPCViewController.swift */; };
		C883C8F72742F55100BD36FB /* FPCLayout.swift in Sources */ = {isa = PBXBuildFile; fileRef = C883C8F62742F55000BD36FB /* FPCLayout.swift */; };
		C887BB172788E2BF0012F77F /* CreateEventInfoViewController.swift in Sources */ = {isa = PBXBuildFile; fileRef = C887BB162788E2BF0012F77F /* CreateEventInfoViewController.swift */; };
		C887BB19278B73080012F77F /* CompleteEventViewController.swift in Sources */ = {isa = PBXBuildFile; fileRef = C887BB18278B73080012F77F /* CompleteEventViewController.swift */; };
		C88B555426695AF800A80BAB /* EventAnnotation.swift in Sources */ = {isa = PBXBuildFile; fileRef = C88B555326695AF800A80BAB /* EventAnnotation.swift */; };
		C88B555626696F3B00A80BAB /* Users.swift in Sources */ = {isa = PBXBuildFile; fileRef = C88B555526696F3B00A80BAB /* Users.swift */; };
		C88B55842679273100A80BAB /* MapViewController.swift in Sources */ = {isa = PBXBuildFile; fileRef = C88B55832679273100A80BAB /* MapViewController.swift */; };
		C88B5589267A6A9500A80BAB /* ZFViewController.swift in Sources */ = {isa = PBXBuildFile; fileRef = C88B5588267A6A9500A80BAB /* ZFViewController.swift */; };
		C88B558B267B92CE00A80BAB /* ZFCollectionViewCell.swift in Sources */ = {isa = PBXBuildFile; fileRef = C88B558A267B92CE00A80BAB /* ZFCollectionViewCell.swift */; };
		C88B558D267D0CFE00A80BAB /* PictureCollectionViewCell.swift in Sources */ = {isa = PBXBuildFile; fileRef = C88B558C267D0CFE00A80BAB /* PictureCollectionViewCell.swift */; };
		C88B55CC2694BE8000A80BAB /* SnappingFlowLayout.swift in Sources */ = {isa = PBXBuildFile; fileRef = C88B55CB2694BE8000A80BAB /* SnappingFlowLayout.swift */; };
		C88B55D826968E8C00A80BAB /* ZipperTabBarViewController.swift in Sources */ = {isa = PBXBuildFile; fileRef = C88B55D726968E8C00A80BAB /* ZipperTabBarViewController.swift */; };
		C88B55DE26968F4200A80BAB /* ZipMessagesViewController.swift in Sources */ = {isa = PBXBuildFile; fileRef = C88B55DD26968F4200A80BAB /* ZipMessagesViewController.swift */; };
		C88B55E226968F6000A80BAB /* NotificationsViewController.swift in Sources */ = {isa = PBXBuildFile; fileRef = C88B55E126968F6000A80BAB /* NotificationsViewController.swift */; };
		C88B55E426968F7300A80BAB /* EventFinderViewController.swift in Sources */ = {isa = PBXBuildFile; fileRef = C88B55E326968F7300A80BAB /* EventFinderViewController.swift */; };
		C8917DF5270B9AF0006A6067 /* PhotoViewerViewController.swift in Sources */ = {isa = PBXBuildFile; fileRef = C8917DF4270B9AF0006A6067 /* PhotoViewerViewController.swift */; };
		C8917DF9270BA1E4006A6067 /* NewChatViewController.swift in Sources */ = {isa = PBXBuildFile; fileRef = C8917DF8270BA1E4006A6067 /* NewChatViewController.swift */; };
		C8917DFC270CC465006A6067 /* LoginViewController.swift in Sources */ = {isa = PBXBuildFile; fileRef = C8917DFB270CC465006A6067 /* LoginViewController.swift */; };
		C8917DFE270CC4DD006A6067 /* RegisterViewController.swift in Sources */ = {isa = PBXBuildFile; fileRef = C8917DFD270CC4DD006A6067 /* RegisterViewController.swift */; };
		C894E5E3270CDB72008FBB9D /* DatabaseManager.swift in Sources */ = {isa = PBXBuildFile; fileRef = C894E5E2270CDB72008FBB9D /* DatabaseManager.swift */; };
		C894E5E5270CE851008FBB9D /* StorageManager.swift in Sources */ = {isa = PBXBuildFile; fileRef = C894E5E4270CE851008FBB9D /* StorageManager.swift */; };
		C8D06C7A26E9563D006C761F /* Notification.swift in Sources */ = {isa = PBXBuildFile; fileRef = C8D06C7926E9563C006C761F /* Notification.swift */; };
		C8DE35C22698C21600EA6709 /* AppConstants.swift in Sources */ = {isa = PBXBuildFile; fileRef = C8DE35C12698C21600EA6709 /* AppConstants.swift */; };
		C8DE35C42698C70D00EA6709 /* EventViewController.swift in Sources */ = {isa = PBXBuildFile; fileRef = C8DE35C32698C70D00EA6709 /* EventViewController.swift */; };
		C8DE35C62698CEFD00EA6709 /* Event.swift in Sources */ = {isa = PBXBuildFile; fileRef = C8DE35C52698CEFD00EA6709 /* Event.swift */; };
		C8DE35C8269CAACA00EA6709 /* EventFinderTableViewCell.swift in Sources */ = {isa = PBXBuildFile; fileRef = C8DE35C7269CAACA00EA6709 /* EventFinderTableViewCell.swift */; };
		C8DE35CC269F650F00EA6709 /* SettingsMainPageViewController.swift in Sources */ = {isa = PBXBuildFile; fileRef = C8DE35CB269F650F00EA6709 /* SettingsMainPageViewController.swift */; };
		C8DE35D426A08D0800EA6709 /* SettingsCategoryViewController.swift in Sources */ = {isa = PBXBuildFile; fileRef = C8DE35D326A08D0800EA6709 /* SettingsCategoryViewController.swift */; };
		C8DE35DA26A09DAA00EA6709 /* SettingsTableViewCell.swift in Sources */ = {isa = PBXBuildFile; fileRef = C8DE35D926A09DAA00EA6709 /* SettingsTableViewCell.swift */; };
		C8DE35DC26A09E4B00EA6709 /* NotificationsSettingSection.swift in Sources */ = {isa = PBXBuildFile; fileRef = C8DE35DB26A09E4B00EA6709 /* NotificationsSettingSection.swift */; };
		C8DE35DE26A0AED700EA6709 /* ChangePasswordViewController.swift in Sources */ = {isa = PBXBuildFile; fileRef = C8DE35DD26A0AED700EA6709 /* ChangePasswordViewController.swift */; };
		C8DE35E026A0B69600EA6709 /* HelpSettingsSection.swift in Sources */ = {isa = PBXBuildFile; fileRef = C8DE35DF26A0B69600EA6709 /* HelpSettingsSection.swift */; };
		C8DE35E226A0B8C300EA6709 /* AccountSettingsSection.swift in Sources */ = {isa = PBXBuildFile; fileRef = C8DE35E126A0B8C300EA6709 /* AccountSettingsSection.swift */; };
		C8DE35E426A0B8D400EA6709 /* PrivacySettingsSection.swift in Sources */ = {isa = PBXBuildFile; fileRef = C8DE35E326A0B8D400EA6709 /* PrivacySettingsSection.swift */; };
		C8DE35E626A0D4EA00EA6709 /* HelpSettingsMethods.swift in Sources */ = {isa = PBXBuildFile; fileRef = C8DE35E526A0D4EA00EA6709 /* HelpSettingsMethods.swift */; };
		C8DE35E826A0D50500EA6709 /* PrivacySettingsMethods.swift in Sources */ = {isa = PBXBuildFile; fileRef = C8DE35E726A0D50500EA6709 /* PrivacySettingsMethods.swift */; };
		C8DE35EA26A0D51500EA6709 /* NotificationsSettingsMethod.swift in Sources */ = {isa = PBXBuildFile; fileRef = C8DE35E926A0D51500EA6709 /* NotificationsSettingsMethod.swift */; };
		C8DE35EC26A0D52700EA6709 /* AccountSettingsMethod.swift in Sources */ = {isa = PBXBuildFile; fileRef = C8DE35EB26A0D52700EA6709 /* AccountSettingsMethod.swift */; };
		C8DE35EE26A4794000EA6709 /* ChangeUsernameViewController.swift in Sources */ = {isa = PBXBuildFile; fileRef = C8DE35ED26A4794000EA6709 /* ChangeUsernameViewController.swift */; };
		C8EE2AA52728A74B0048CAE1 /* SMSCodeViewController.swift in Sources */ = {isa = PBXBuildFile; fileRef = C8EE2AA42728A74B0048CAE1 /* SMSCodeViewController.swift */; };
		C8EE2AA72728BDAA0048CAE1 /* BasicProfileSetupViewController.swift in Sources */ = {isa = PBXBuildFile; fileRef = C8EE2AA62728BDAA0048CAE1 /* BasicProfileSetupViewController.swift */; };
		C8EE2AA92729F0660048CAE1 /* StatusCheckView.swift in Sources */ = {isa = PBXBuildFile; fileRef = C8EE2AA82729F0660048CAE1 /* StatusCheckView.swift */; };
		C8EE2AAB272A09020048CAE1 /* ProfilePicSetupViewController.swift in Sources */ = {isa = PBXBuildFile; fileRef = C8EE2AAA272A09020048CAE1 /* ProfilePicSetupViewController.swift */; };
		C8EE2AAD272A145C0048CAE1 /* PermissionsSetupViewController.swift in Sources */ = {isa = PBXBuildFile; fileRef = C8EE2AAC272A145C0048CAE1 /* PermissionsSetupViewController.swift */; };
		C8EE2AAF2731BFDC0048CAE1 /* NewAccountPopupViewController.swift in Sources */ = {isa = PBXBuildFile; fileRef = C8EE2AAE2731BFDC0048CAE1 /* NewAccountPopupViewController.swift */; };
		C8EE2AB22731DB360048CAE1 /* CompleteProfileViewController.swift in Sources */ = {isa = PBXBuildFile; fileRef = C8EE2AB12731DB360048CAE1 /* CompleteProfileViewController.swift */; };
		DBF6EC952D6072484CD93BA3 /* Pods_zip_official.framework in Frameworks */ = {isa = PBXBuildFile; fileRef = 96B242C79D8282071C70AB6D /* Pods_zip_official.framework */; };
/* End PBXBuildFile section */

/* Begin PBXFileReference section */
		3706DD78278E0FCE0043CF19 /* Friendship.swift */ = {isa = PBXFileReference; fileEncoding = 4; lastKnownFileType = sourcecode.swift; path = Friendship.swift; sourceTree = "<group>"; };
		37104686284FD7D700898D7A /* UserCache.swift */ = {isa = PBXFileReference; lastKnownFileType = sourcecode.swift; path = UserCache.swift; sourceTree = "<group>"; };
		37375E30278FB16500DD8717 /* ZFSingleCardViewController.swift */ = {isa = PBXFileReference; fileEncoding = 4; lastKnownFileType = sourcecode.swift; path = ZFSingleCardViewController.swift; sourceTree = "<group>"; };
		37B90B7D27CEC60D00DCD657 /* LoadingViewController.swift */ = {isa = PBXFileReference; fileEncoding = 4; lastKnownFileType = sourcecode.swift; path = LoadingViewController.swift; sourceTree = "<group>"; };
		37B90B7E27CEC60D00DCD657 /* LocationDeniedViewController.swift */ = {isa = PBXFileReference; fileEncoding = 4; lastKnownFileType = sourcecode.swift; path = LocationDeniedViewController.swift; sourceTree = "<group>"; };
		37B90B8327CEC63B00DCD657 /* AddImageCollectionViewCell.swift */ = {isa = PBXFileReference; fileEncoding = 4; lastKnownFileType = sourcecode.swift; path = AddImageCollectionViewCell.swift; sourceTree = "<group>"; };
		37B90B8427CEC63B00DCD657 /* EditPicturesCollectionViewCell.swift */ = {isa = PBXFileReference; fileEncoding = 4; lastKnownFileType = sourcecode.swift; path = EditPicturesCollectionViewCell.swift; sourceTree = "<group>"; };
		37B90B8727CEC67B00DCD657 /* GooglePlacesManager.swift */ = {isa = PBXFileReference; fileEncoding = 4; lastKnownFileType = sourcecode.swift; path = GooglePlacesManager.swift; sourceTree = "<group>"; };
		37B90B8927CEC6B900DCD657 /* PictureHolder.swift */ = {isa = PBXFileReference; fileEncoding = 4; lastKnownFileType = sourcecode.swift; path = PictureHolder.swift; sourceTree = "<group>"; };
		4F59D0231E15FAF2530DBCC4 /* Pods-zip_official.release.xcconfig */ = {isa = PBXFileReference; includeInIndex = 1; lastKnownFileType = text.xcconfig; name = "Pods-zip_official.release.xcconfig"; path = "Target Support Files/Pods-zip_official/Pods-zip_official.release.xcconfig"; sourceTree = "<group>"; };
		5CC2480B870274A8EF3B334B /* Pods-zip_official.debug.xcconfig */ = {isa = PBXFileReference; includeInIndex = 1; lastKnownFileType = text.xcconfig; name = "Pods-zip_official.debug.xcconfig"; path = "Target Support Files/Pods-zip_official/Pods-zip_official.debug.xcconfig"; sourceTree = "<group>"; };
		96B242C79D8282071C70AB6D /* Pods_zip_official.framework */ = {isa = PBXFileReference; explicitFileType = wrapper.framework; includeInIndex = 0; path = Pods_zip_official.framework; sourceTree = BUILT_PRODUCTS_DIR; };
		C80627E1274D5A410028E852 /* GeoManager.swift */ = {isa = PBXFileReference; fileEncoding = 4; lastKnownFileType = sourcecode.swift; path = GeoManager.swift; sourceTree = "<group>"; };
		C80627E3274D62AE0028E852 /* GoogleService-Info.plist */ = {isa = PBXFileReference; fileEncoding = 4; lastKnownFileType = text.plist.xml; path = "GoogleService-Info.plist"; sourceTree = "<group>"; };
		C80E619326680C70004FE2ED /* zip_official.app */ = {isa = PBXFileReference; explicitFileType = wrapper.application; includeInIndex = 0; path = zip_official.app; sourceTree = BUILT_PRODUCTS_DIR; };
		C80E619626680C70004FE2ED /* AppDelegate.swift */ = {isa = PBXFileReference; lastKnownFileType = sourcecode.swift; path = AppDelegate.swift; sourceTree = "<group>"; };
		C80E619826680C70004FE2ED /* SceneDelegate.swift */ = {isa = PBXFileReference; lastKnownFileType = sourcecode.swift; path = SceneDelegate.swift; sourceTree = "<group>"; };
		C80E619F26680C73004FE2ED /* Assets.xcassets */ = {isa = PBXFileReference; lastKnownFileType = folder.assetcatalog; path = Assets.xcassets; sourceTree = "<group>"; };
		C80E61A426680C73004FE2ED /* Info.plist */ = {isa = PBXFileReference; lastKnownFileType = text.plist.xml; path = Info.plist; sourceTree = "<group>"; };
		C80E61AA26680D0A004FE2ED /* ProfileViewController.swift */ = {isa = PBXFileReference; lastKnownFileType = sourcecode.swift; path = ProfileViewController.swift; sourceTree = "<group>"; };
		C81D0A6326FA900F00EE3131 /* HostsViewController.swift */ = {isa = PBXFileReference; lastKnownFileType = sourcecode.swift; path = HostsViewController.swift; sourceTree = "<group>"; };
		C8597AC527879E6D00811EB9 /* UserPhotosViewController.swift */ = {isa = PBXFileReference; lastKnownFileType = sourcecode.swift; path = UserPhotosViewController.swift; sourceTree = "<group>"; };
		C8597AC727879F8600811EB9 /* CreateEventViewController.swift */ = {isa = PBXFileReference; lastKnownFileType = sourcecode.swift; path = CreateEventViewController.swift; sourceTree = "<group>"; };
		C86027E226A9D12400449596 /* MyEventsViewController.swift */ = {isa = PBXFileReference; lastKnownFileType = sourcecode.swift; path = MyEventsViewController.swift; sourceTree = "<group>"; };
		C86027E426AF0A7E00449596 /* MyZipsViewController.swift */ = {isa = PBXFileReference; lastKnownFileType = sourcecode.swift; path = MyZipsViewController.swift; sourceTree = "<group>"; };
		C86027E726AF0B8A00449596 /* MyZipsTableViewCell.swift */ = {isa = PBXFileReference; lastKnownFileType = sourcecode.swift; path = MyZipsTableViewCell.swift; sourceTree = "<group>"; };
		C86027EA26AF4FE800449596 /* ZipListViewController.swift */ = {isa = PBXFileReference; lastKnownFileType = sourcecode.swift; path = ZipListViewController.swift; sourceTree = "<group>"; };
		C86027EC26AF51FB00449596 /* ZipListTableViewCell.swift */ = {isa = PBXFileReference; lastKnownFileType = sourcecode.swift; path = ZipListTableViewCell.swift; sourceTree = "<group>"; };
		C86027EE26AF641700449596 /* OtherProfileViewController.swift */ = {isa = PBXFileReference; lastKnownFileType = sourcecode.swift; path = OtherProfileViewController.swift; sourceTree = "<group>"; };
		C86027F126B1DD4D00449596 /* ZFCardFrontView.swift */ = {isa = PBXFileReference; lastKnownFileType = sourcecode.swift; path = ZFCardFrontView.swift; sourceTree = "<group>"; };
		C86027F326B1DD7400449596 /* ZFCardBackView.swift */ = {isa = PBXFileReference; lastKnownFileType = sourcecode.swift; path = ZFCardBackView.swift; sourceTree = "<group>"; };
		C86027F526B3553100449596 /* ProfileTableViewCell.swift */ = {isa = PBXFileReference; lastKnownFileType = sourcecode.swift; path = ProfileTableViewCell.swift; sourceTree = "<group>"; };
		C86027F726B86F1D00449596 /* EditProfileViewController.swift */ = {isa = PBXFileReference; lastKnownFileType = sourcecode.swift; path = EditProfileViewController.swift; sourceTree = "<group>"; };
		C86027FA26B88BF400449596 /* GrowingCellTableViewCell.swift */ = {isa = PBXFileReference; lastKnownFileType = sourcecode.swift; path = GrowingCellTableViewCell.swift; sourceTree = "<group>"; };
		C86027FC26B89D5600449596 /* NameTableViewCell.swift */ = {isa = PBXFileReference; lastKnownFileType = sourcecode.swift; path = NameTableViewCell.swift; sourceTree = "<group>"; };
		C86027FE26B9A8A700449596 /* SchoolSearchViewController.swift */ = {isa = PBXFileReference; lastKnownFileType = sourcecode.swift; path = SchoolSearchViewController.swift; sourceTree = "<group>"; };
		C860280026B9D64D00449596 /* InterestSelectionViewController.swift */ = {isa = PBXFileReference; lastKnownFileType = sourcecode.swift; path = InterestSelectionViewController.swift; sourceTree = "<group>"; };
		C860280226B9DAC800449596 /* InterestsCollectionViewCell.swift */ = {isa = PBXFileReference; lastKnownFileType = sourcecode.swift; path = InterestsCollectionViewCell.swift; sourceTree = "<group>"; };
		C860280526C402C300449596 /* NewPublicEventViewController.swift */ = {isa = PBXFileReference; lastKnownFileType = sourcecode.swift; path = NewPublicEventViewController.swift; sourceTree = "<group>"; };
		C860281126CDA1C900449596 /* NewsNotificationTableViewCell.swift */ = {isa = PBXFileReference; lastKnownFileType = sourcecode.swift; path = NewsNotificationTableViewCell.swift; sourceTree = "<group>"; };
		C860281426CDA25100449596 /* ZipRequestTableViewCell.swift */ = {isa = PBXFileReference; lastKnownFileType = sourcecode.swift; path = ZipRequestTableViewCell.swift; sourceTree = "<group>"; };
		C860281626CDA26C00449596 /* ZipAcceptedTableViewCell.swift */ = {isa = PBXFileReference; lastKnownFileType = sourcecode.swift; path = ZipAcceptedTableViewCell.swift; sourceTree = "<group>"; };
		C860281826CDA28700449596 /* EventInviteTableViewCell.swift */ = {isa = PBXFileReference; lastKnownFileType = sourcecode.swift; path = EventInviteTableViewCell.swift; sourceTree = "<group>"; };
		C860281A26CDA2C400449596 /* EventUpdateTableViewCell.swift */ = {isa = PBXFileReference; lastKnownFileType = sourcecode.swift; path = EventUpdateTableViewCell.swift; sourceTree = "<group>"; };
		C860281C26CDA4F900449596 /* EventPublicTableViewCell.swift */ = {isa = PBXFileReference; lastKnownFileType = sourcecode.swift; path = EventPublicTableViewCell.swift; sourceTree = "<group>"; };
		C860281E26CEE53100449596 /* ZipRequestsViewController.swift */ = {isa = PBXFileReference; lastKnownFileType = sourcecode.swift; path = ZipRequestsViewController.swift; sourceTree = "<group>"; };
		C860282026D4318100449596 /* FiltersViewController.swift */ = {isa = PBXFileReference; lastKnownFileType = sourcecode.swift; path = FiltersViewController.swift; sourceTree = "<group>"; };
		C860282226D8236A00449596 /* ChatViewController.swift */ = {isa = PBXFileReference; lastKnownFileType = sourcecode.swift; path = ChatViewController.swift; sourceTree = "<group>"; };
		C860282426DAB64500449596 /* NewPrivateEventViewController.swift */ = {isa = PBXFileReference; lastKnownFileType = sourcecode.swift; path = NewPrivateEventViewController.swift; sourceTree = "<group>"; };
		C860282626DAD49F00449596 /* InviteTableViewCell.swift */ = {isa = PBXFileReference; lastKnownFileType = sourcecode.swift; path = InviteTableViewCell.swift; sourceTree = "<group>"; };
		C8812033270E6356009BF426 /* ConversationTableViewCell.swift */ = {isa = PBXFileReference; lastKnownFileType = sourcecode.swift; path = ConversationTableViewCell.swift; sourceTree = "<group>"; };
		C8812035270F8CEA009BF426 /* newConversationCell.swift */ = {isa = PBXFileReference; lastKnownFileType = sourcecode.swift; path = newConversationCell.swift; sourceTree = "<group>"; };
		C8812037270F9993009BF426 /* Extensions.swift */ = {isa = PBXFileReference; lastKnownFileType = sourcecode.swift; path = Extensions.swift; sourceTree = "<group>"; };
		C883C8F42742E21200BD36FB /* FPCViewController.swift */ = {isa = PBXFileReference; lastKnownFileType = sourcecode.swift; path = FPCViewController.swift; sourceTree = "<group>"; };
		C883C8F62742F55000BD36FB /* FPCLayout.swift */ = {isa = PBXFileReference; lastKnownFileType = sourcecode.swift; path = FPCLayout.swift; sourceTree = "<group>"; };
		C887BB162788E2BF0012F77F /* CreateEventInfoViewController.swift */ = {isa = PBXFileReference; lastKnownFileType = sourcecode.swift; path = CreateEventInfoViewController.swift; sourceTree = "<group>"; };
		C887BB18278B73080012F77F /* CompleteEventViewController.swift */ = {isa = PBXFileReference; lastKnownFileType = sourcecode.swift; path = CompleteEventViewController.swift; sourceTree = "<group>"; };
		C88B555326695AF800A80BAB /* EventAnnotation.swift */ = {isa = PBXFileReference; lastKnownFileType = sourcecode.swift; path = EventAnnotation.swift; sourceTree = "<group>"; };
		C88B555526696F3B00A80BAB /* Users.swift */ = {isa = PBXFileReference; lastKnownFileType = sourcecode.swift; path = Users.swift; sourceTree = "<group>"; };
		C88B55832679273100A80BAB /* MapViewController.swift */ = {isa = PBXFileReference; lastKnownFileType = sourcecode.swift; path = MapViewController.swift; sourceTree = "<group>"; };
		C88B5588267A6A9500A80BAB /* ZFViewController.swift */ = {isa = PBXFileReference; lastKnownFileType = sourcecode.swift; path = ZFViewController.swift; sourceTree = "<group>"; };
		C88B558A267B92CE00A80BAB /* ZFCollectionViewCell.swift */ = {isa = PBXFileReference; lastKnownFileType = sourcecode.swift; path = ZFCollectionViewCell.swift; sourceTree = "<group>"; };
		C88B558C267D0CFE00A80BAB /* PictureCollectionViewCell.swift */ = {isa = PBXFileReference; lastKnownFileType = sourcecode.swift; path = PictureCollectionViewCell.swift; sourceTree = "<group>"; };
		C88B55CB2694BE8000A80BAB /* SnappingFlowLayout.swift */ = {isa = PBXFileReference; lastKnownFileType = sourcecode.swift; path = SnappingFlowLayout.swift; sourceTree = "<group>"; };
		C88B55D726968E8C00A80BAB /* ZipperTabBarViewController.swift */ = {isa = PBXFileReference; lastKnownFileType = sourcecode.swift; path = ZipperTabBarViewController.swift; sourceTree = "<group>"; };
		C88B55DD26968F4200A80BAB /* ZipMessagesViewController.swift */ = {isa = PBXFileReference; lastKnownFileType = sourcecode.swift; path = ZipMessagesViewController.swift; sourceTree = "<group>"; };
		C88B55E126968F6000A80BAB /* NotificationsViewController.swift */ = {isa = PBXFileReference; lastKnownFileType = sourcecode.swift; path = NotificationsViewController.swift; sourceTree = "<group>"; };
		C88B55E326968F7300A80BAB /* EventFinderViewController.swift */ = {isa = PBXFileReference; lastKnownFileType = sourcecode.swift; path = EventFinderViewController.swift; sourceTree = "<group>"; };
		C8917DF4270B9AF0006A6067 /* PhotoViewerViewController.swift */ = {isa = PBXFileReference; lastKnownFileType = sourcecode.swift; path = PhotoViewerViewController.swift; sourceTree = "<group>"; };
		C8917DF8270BA1E4006A6067 /* NewChatViewController.swift */ = {isa = PBXFileReference; lastKnownFileType = sourcecode.swift; path = NewChatViewController.swift; sourceTree = "<group>"; };
		C8917DFB270CC465006A6067 /* LoginViewController.swift */ = {isa = PBXFileReference; lastKnownFileType = sourcecode.swift; path = LoginViewController.swift; sourceTree = "<group>"; };
		C8917DFD270CC4DD006A6067 /* RegisterViewController.swift */ = {isa = PBXFileReference; lastKnownFileType = sourcecode.swift; path = RegisterViewController.swift; sourceTree = "<group>"; };
		C894E5E2270CDB72008FBB9D /* DatabaseManager.swift */ = {isa = PBXFileReference; lastKnownFileType = sourcecode.swift; path = DatabaseManager.swift; sourceTree = "<group>"; };
		C894E5E4270CE851008FBB9D /* StorageManager.swift */ = {isa = PBXFileReference; lastKnownFileType = sourcecode.swift; path = StorageManager.swift; sourceTree = "<group>"; };
		C8D06C7926E9563C006C761F /* Notification.swift */ = {isa = PBXFileReference; lastKnownFileType = sourcecode.swift; path = Notification.swift; sourceTree = "<group>"; };
		C8DE35C12698C21600EA6709 /* AppConstants.swift */ = {isa = PBXFileReference; lastKnownFileType = sourcecode.swift; path = AppConstants.swift; sourceTree = "<group>"; };
		C8DE35C32698C70D00EA6709 /* EventViewController.swift */ = {isa = PBXFileReference; lastKnownFileType = sourcecode.swift; path = EventViewController.swift; sourceTree = "<group>"; };
		C8DE35C52698CEFD00EA6709 /* Event.swift */ = {isa = PBXFileReference; lastKnownFileType = sourcecode.swift; path = Event.swift; sourceTree = "<group>"; };
		C8DE35C7269CAACA00EA6709 /* EventFinderTableViewCell.swift */ = {isa = PBXFileReference; lastKnownFileType = sourcecode.swift; path = EventFinderTableViewCell.swift; sourceTree = "<group>"; };
		C8DE35CB269F650F00EA6709 /* SettingsMainPageViewController.swift */ = {isa = PBXFileReference; lastKnownFileType = sourcecode.swift; path = SettingsMainPageViewController.swift; sourceTree = "<group>"; };
		C8DE35D326A08D0800EA6709 /* SettingsCategoryViewController.swift */ = {isa = PBXFileReference; lastKnownFileType = sourcecode.swift; path = SettingsCategoryViewController.swift; sourceTree = "<group>"; };
		C8DE35D926A09DAA00EA6709 /* SettingsTableViewCell.swift */ = {isa = PBXFileReference; lastKnownFileType = sourcecode.swift; path = SettingsTableViewCell.swift; sourceTree = "<group>"; };
		C8DE35DB26A09E4B00EA6709 /* NotificationsSettingSection.swift */ = {isa = PBXFileReference; lastKnownFileType = sourcecode.swift; path = NotificationsSettingSection.swift; sourceTree = "<group>"; };
		C8DE35DD26A0AED700EA6709 /* ChangePasswordViewController.swift */ = {isa = PBXFileReference; lastKnownFileType = sourcecode.swift; path = ChangePasswordViewController.swift; sourceTree = "<group>"; };
		C8DE35DF26A0B69600EA6709 /* HelpSettingsSection.swift */ = {isa = PBXFileReference; lastKnownFileType = sourcecode.swift; path = HelpSettingsSection.swift; sourceTree = "<group>"; };
		C8DE35E126A0B8C300EA6709 /* AccountSettingsSection.swift */ = {isa = PBXFileReference; lastKnownFileType = sourcecode.swift; path = AccountSettingsSection.swift; sourceTree = "<group>"; };
		C8DE35E326A0B8D400EA6709 /* PrivacySettingsSection.swift */ = {isa = PBXFileReference; lastKnownFileType = sourcecode.swift; path = PrivacySettingsSection.swift; sourceTree = "<group>"; };
		C8DE35E526A0D4EA00EA6709 /* HelpSettingsMethods.swift */ = {isa = PBXFileReference; lastKnownFileType = sourcecode.swift; path = HelpSettingsMethods.swift; sourceTree = "<group>"; };
		C8DE35E726A0D50500EA6709 /* PrivacySettingsMethods.swift */ = {isa = PBXFileReference; lastKnownFileType = sourcecode.swift; path = PrivacySettingsMethods.swift; sourceTree = "<group>"; };
		C8DE35E926A0D51500EA6709 /* NotificationsSettingsMethod.swift */ = {isa = PBXFileReference; lastKnownFileType = sourcecode.swift; path = NotificationsSettingsMethod.swift; sourceTree = "<group>"; };
		C8DE35EB26A0D52700EA6709 /* AccountSettingsMethod.swift */ = {isa = PBXFileReference; lastKnownFileType = sourcecode.swift; path = AccountSettingsMethod.swift; sourceTree = "<group>"; };
		C8DE35ED26A4794000EA6709 /* ChangeUsernameViewController.swift */ = {isa = PBXFileReference; lastKnownFileType = sourcecode.swift; path = ChangeUsernameViewController.swift; sourceTree = "<group>"; };
		C8EE2AA42728A74B0048CAE1 /* SMSCodeViewController.swift */ = {isa = PBXFileReference; lastKnownFileType = sourcecode.swift; path = SMSCodeViewController.swift; sourceTree = "<group>"; };
		C8EE2AA62728BDAA0048CAE1 /* BasicProfileSetupViewController.swift */ = {isa = PBXFileReference; lastKnownFileType = sourcecode.swift; path = BasicProfileSetupViewController.swift; sourceTree = "<group>"; };
		C8EE2AA82729F0660048CAE1 /* StatusCheckView.swift */ = {isa = PBXFileReference; lastKnownFileType = sourcecode.swift; path = StatusCheckView.swift; sourceTree = "<group>"; };
		C8EE2AAA272A09020048CAE1 /* ProfilePicSetupViewController.swift */ = {isa = PBXFileReference; lastKnownFileType = sourcecode.swift; path = ProfilePicSetupViewController.swift; sourceTree = "<group>"; };
		C8EE2AAC272A145C0048CAE1 /* PermissionsSetupViewController.swift */ = {isa = PBXFileReference; lastKnownFileType = sourcecode.swift; path = PermissionsSetupViewController.swift; sourceTree = "<group>"; };
		C8EE2AAE2731BFDC0048CAE1 /* NewAccountPopupViewController.swift */ = {isa = PBXFileReference; lastKnownFileType = sourcecode.swift; path = NewAccountPopupViewController.swift; sourceTree = "<group>"; };
		C8EE2AB12731DB360048CAE1 /* CompleteProfileViewController.swift */ = {isa = PBXFileReference; lastKnownFileType = sourcecode.swift; path = CompleteProfileViewController.swift; sourceTree = "<group>"; };
/* End PBXFileReference section */

/* Begin PBXFrameworksBuildPhase section */
		C80E619026680C70004FE2ED /* Frameworks */ = {
			isa = PBXFrameworksBuildPhase;
			buildActionMask = 2147483647;
			files = (
				DBF6EC952D6072484CD93BA3 /* Pods_zip_official.framework in Frameworks */,
			);
			runOnlyForDeploymentPostprocessing = 0;
		};
/* End PBXFrameworksBuildPhase section */

/* Begin PBXGroup section */
		412F9D193EFC7506E911A787 /* Pods */ = {
			isa = PBXGroup;
			children = (
				5CC2480B870274A8EF3B334B /* Pods-zip_official.debug.xcconfig */,
				4F59D0231E15FAF2530DBCC4 /* Pods-zip_official.release.xcconfig */,
			);
			path = Pods;
			sourceTree = "<group>";
		};
		ACB1D01A784258A80DB708F1 /* Frameworks */ = {
			isa = PBXGroup;
			children = (
				96B242C79D8282071C70AB6D /* Pods_zip_official.framework */,
			);
			name = Frameworks;
			sourceTree = "<group>";
		};
		C80E618A26680C70004FE2ED = {
			isa = PBXGroup;
			children = (
				C80E619526680C70004FE2ED /* zip_official */,
				C80E619426680C70004FE2ED /* Products */,
				412F9D193EFC7506E911A787 /* Pods */,
				ACB1D01A784258A80DB708F1 /* Frameworks */,
			);
			sourceTree = "<group>";
		};
		C80E619426680C70004FE2ED /* Products */ = {
			isa = PBXGroup;
			children = (
				C80E619326680C70004FE2ED /* zip_official.app */,
			);
			name = Products;
			sourceTree = "<group>";
		};
		C80E619526680C70004FE2ED /* zip_official */ = {
			isa = PBXGroup;
			children = (
				C88B55D02696490400A80BAB /* Frontend_Code */,
				C80E619F26680C73004FE2ED /* Assets.xcassets */,
				C80627E3274D62AE0028E852 /* GoogleService-Info.plist */,
				C80E61A426680C73004FE2ED /* Info.plist */,
			);
			path = zip_official;
			sourceTree = "<group>";
		};
		C86027E626AF0A9500449596 /* TableViewCells */ = {
			isa = PBXGroup;
			children = (
				C8DE35C7269CAACA00EA6709 /* EventFinderTableViewCell.swift */,
				C8DE35D926A09DAA00EA6709 /* SettingsTableViewCell.swift */,
				C86027E726AF0B8A00449596 /* MyZipsTableViewCell.swift */,
				C86027EC26AF51FB00449596 /* ZipListTableViewCell.swift */,
				C86027F526B3553100449596 /* ProfileTableViewCell.swift */,
				C8812033270E6356009BF426 /* ConversationTableViewCell.swift */,
				C8812035270F8CEA009BF426 /* newConversationCell.swift */,
			);
			path = TableViewCells;
			sourceTree = "<group>";
		};
		C86027E926AF365A00449596 /* CollectionViewCells */ = {
			isa = PBXGroup;
			children = (
				37B90B8327CEC63B00DCD657 /* AddImageCollectionViewCell.swift */,
				37B90B8427CEC63B00DCD657 /* EditPicturesCollectionViewCell.swift */,
				C88B558C267D0CFE00A80BAB /* PictureCollectionViewCell.swift */,
				C88B55CB2694BE8000A80BAB /* SnappingFlowLayout.swift */,
				C86027F026B1DD1000449596 /* ZipFinderCell */,
			);
			path = CollectionViewCells;
			sourceTree = "<group>";
		};
		C86027F026B1DD1000449596 /* ZipFinderCell */ = {
			isa = PBXGroup;
			children = (
				37375E30278FB16500DD8717 /* ZFSingleCardViewController.swift */,
				C88B558A267B92CE00A80BAB /* ZFCollectionViewCell.swift */,
				C86027F126B1DD4D00449596 /* ZFCardFrontView.swift */,
				C86027F326B1DD7400449596 /* ZFCardBackView.swift */,
			);
			path = ZipFinderCell;
			sourceTree = "<group>";
		};
		C86027F926B86F9C00449596 /* EditProfile */ = {
			isa = PBXGroup;
			children = (
				C86027F726B86F1D00449596 /* EditProfileViewController.swift */,
				C860280026B9D64D00449596 /* InterestSelectionViewController.swift */,
				C860280226B9DAC800449596 /* InterestsCollectionViewCell.swift */,
				C86027FA26B88BF400449596 /* GrowingCellTableViewCell.swift */,
				C86027FC26B89D5600449596 /* NameTableViewCell.swift */,
				C86027FE26B9A8A700449596 /* SchoolSearchViewController.swift */,
			);
			path = EditProfile;
			sourceTree = "<group>";
		};
		C860280426BCA3A100449596 /* New Event */ = {
			isa = PBXGroup;
			children = (
				C860280526C402C300449596 /* NewPublicEventViewController.swift */,
				C8597AC727879F8600811EB9 /* CreateEventViewController.swift */,
				C887BB162788E2BF0012F77F /* CreateEventInfoViewController.swift */,
				C887BB18278B73080012F77F /* CompleteEventViewController.swift */,
				C860282426DAB64500449596 /* NewPrivateEventViewController.swift */,
				C860282626DAD49F00449596 /* InviteTableViewCell.swift */,
			);
			path = "New Event";
			sourceTree = "<group>";
		};
		C860281326CDA1CE00449596 /* Cells */ = {
			isa = PBXGroup;
			children = (
				C860281126CDA1C900449596 /* NewsNotificationTableViewCell.swift */,
				C860281C26CDA4F900449596 /* EventPublicTableViewCell.swift */,
				C860281826CDA28700449596 /* EventInviteTableViewCell.swift */,
				C860281A26CDA2C400449596 /* EventUpdateTableViewCell.swift */,
				C860281426CDA25100449596 /* ZipRequestTableViewCell.swift */,
				C860281626CDA26C00449596 /* ZipAcceptedTableViewCell.swift */,
			);
			path = Cells;
			sourceTree = "<group>";
		};
		C88B558526793B4100A80BAB /* ViewControllers */ = {
			isa = PBXGroup;
			children = (
				C8DE35CA269F64CE00EA6709 /* Map */,
				C88B55DC26968F1A00A80BAB /* Messages */,
				C88B55DA26968F0E00A80BAB /* Notifications */,
				C88B55D926968F0800A80BAB /* Events */,
			);
			path = ViewControllers;
			sourceTree = "<group>";
		};
		C88B558626793B6700A80BAB /* Objects */ = {
			isa = PBXGroup;
			children = (
				3706DD78278E0FCE0043CF19 /* Friendship.swift */,
				C88B555326695AF800A80BAB /* EventAnnotation.swift */,
				C8DE35C52698CEFD00EA6709 /* Event.swift */,
				C88B555526696F3B00A80BAB /* Users.swift */,
				C8D06C7926E9563C006C761F /* Notification.swift */,
				C8EE2AA82729F0660048CAE1 /* StatusCheckView.swift */,
				37104686284FD7D700898D7A /* UserCache.swift */,
			);
			path = Objects;
			sourceTree = "<group>";
		};
		C88B558726793B8000A80BAB /* Delegates */ = {
			isa = PBXGroup;
			children = (
				37B90B8727CEC67B00DCD657 /* GooglePlacesManager.swift */,
				C80E619626680C70004FE2ED /* AppDelegate.swift */,
				C80E619826680C70004FE2ED /* SceneDelegate.swift */,
				C80627E1274D5A410028E852 /* GeoManager.swift */,
				C894E5E2270CDB72008FBB9D /* DatabaseManager.swift */,
				C894E5E4270CE851008FBB9D /* StorageManager.swift */,
			);
			path = Delegates;
			sourceTree = "<group>";
		};
		C88B55CD26960DBA00A80BAB /* Profile */ = {
			isa = PBXGroup;
			children = (
				37B90B8927CEC6B900DCD657 /* PictureHolder.swift */,
				C80E61AA26680D0A004FE2ED /* ProfileViewController.swift */,
				C8597AC527879E6D00811EB9 /* UserPhotosViewController.swift */,
				C86027EE26AF641700449596 /* OtherProfileViewController.swift */,
				C8DE35C9269F649B00EA6709 /* Settings */,
				C86027E226A9D12400449596 /* MyEventsViewController.swift */,
				C86027E426AF0A7E00449596 /* MyZipsViewController.swift */,
				C86027F926B86F9C00449596 /* EditProfile */,
			);
			path = Profile;
			sourceTree = "<group>";
		};
		C88B55D02696490400A80BAB /* Frontend_Code */ = {
			isa = PBXGroup;
			children = (
				C88B55D726968E8C00A80BAB /* ZipperTabBarViewController.swift */,
				C8917DFA270CC458006A6067 /* Login */,
				C86027E926AF365A00449596 /* CollectionViewCells */,
				C86027E626AF0A9500449596 /* TableViewCells */,
				C88B558526793B4100A80BAB /* ViewControllers */,
				C88B558726793B8000A80BAB /* Delegates */,
				C88B558626793B6700A80BAB /* Objects */,
				C8DE35C12698C21600EA6709 /* AppConstants.swift */,
				C8812037270F9993009BF426 /* Extensions.swift */,
			);
			path = Frontend_Code;
			sourceTree = "<group>";
		};
		C88B55D1269649A500A80BAB /* ZipFinder */ = {
			isa = PBXGroup;
			children = (
				C88B5588267A6A9500A80BAB /* ZFViewController.swift */,
			);
			path = ZipFinder;
			sourceTree = "<group>";
		};
		C88B55D926968F0800A80BAB /* Events */ = {
			isa = PBXGroup;
			children = (
				C860280426BCA3A100449596 /* New Event */,
				C88B55E326968F7300A80BAB /* EventFinderViewController.swift */,
				C8DE35C32698C70D00EA6709 /* EventViewController.swift */,
				C81D0A6326FA900F00EE3131 /* HostsViewController.swift */,
				C86027EA26AF4FE800449596 /* ZipListViewController.swift */,
			);
			path = Events;
			sourceTree = "<group>";
		};
		C88B55DA26968F0E00A80BAB /* Notifications */ = {
			isa = PBXGroup;
			children = (
				C88B55E126968F6000A80BAB /* NotificationsViewController.swift */,
				C860281E26CEE53100449596 /* ZipRequestsViewController.swift */,
				C860281326CDA1CE00449596 /* Cells */,
			);
			path = Notifications;
			sourceTree = "<group>";
		};
		C88B55DC26968F1A00A80BAB /* Messages */ = {
			isa = PBXGroup;
			children = (
				C88B55DD26968F4200A80BAB /* ZipMessagesViewController.swift */,
				C8917DF8270BA1E4006A6067 /* NewChatViewController.swift */,
				C860282226D8236A00449596 /* ChatViewController.swift */,
				C8917DF4270B9AF0006A6067 /* PhotoViewerViewController.swift */,
			);
			path = Messages;
			sourceTree = "<group>";
		};
		C8917DFA270CC458006A6067 /* Login */ = {
			isa = PBXGroup;
			children = (
				37B90B7D27CEC60D00DCD657 /* LoadingViewController.swift */,
				37B90B7E27CEC60D00DCD657 /* LocationDeniedViewController.swift */,
				C8917DFB270CC465006A6067 /* LoginViewController.swift */,
				C8EE2AA42728A74B0048CAE1 /* SMSCodeViewController.swift */,
				C8EE2AA62728BDAA0048CAE1 /* BasicProfileSetupViewController.swift */,
				C8EE2AAA272A09020048CAE1 /* ProfilePicSetupViewController.swift */,
				C8EE2AAC272A145C0048CAE1 /* PermissionsSetupViewController.swift */,
				C8917DFD270CC4DD006A6067 /* RegisterViewController.swift */,
			);
			path = Login;
			sourceTree = "<group>";
		};
		C8DE35C9269F649B00EA6709 /* Settings */ = {
			isa = PBXGroup;
			children = (
				C8DE35D226A08CE200EA6709 /* HelpSettings */,
				C8DE35D126A08CD600EA6709 /* PrivacySettings */,
				C8DE35D026A08CCD00EA6709 /* NotificationsSettings */,
				C8DE35CF26A08B0E00EA6709 /* AccountSettings */,
				C8DE35CB269F650F00EA6709 /* SettingsMainPageViewController.swift */,
				C8DE35D326A08D0800EA6709 /* SettingsCategoryViewController.swift */,
			);
			path = Settings;
			sourceTree = "<group>";
		};
		C8DE35CA269F64CE00EA6709 /* Map */ = {
			isa = PBXGroup;
			children = (
				C88B55832679273100A80BAB /* MapViewController.swift */,
				C883C8F42742E21200BD36FB /* FPCViewController.swift */,
				C883C8F62742F55000BD36FB /* FPCLayout.swift */,
				C860282026D4318100449596 /* FiltersViewController.swift */,
				C88B55D1269649A500A80BAB /* ZipFinder */,
				C88B55CD26960DBA00A80BAB /* Profile */,
				C8EE2AB02731DAB90048CAE1 /* Profile Setup */,
			);
			path = Map;
			sourceTree = "<group>";
		};
		C8DE35CF26A08B0E00EA6709 /* AccountSettings */ = {
			isa = PBXGroup;
			children = (
				C8DE35E126A0B8C300EA6709 /* AccountSettingsSection.swift */,
				C8DE35EB26A0D52700EA6709 /* AccountSettingsMethod.swift */,
				C8DE35DD26A0AED700EA6709 /* ChangePasswordViewController.swift */,
				C8DE35ED26A4794000EA6709 /* ChangeUsernameViewController.swift */,
			);
			path = AccountSettings;
			sourceTree = "<group>";
		};
		C8DE35D026A08CCD00EA6709 /* NotificationsSettings */ = {
			isa = PBXGroup;
			children = (
				C8DE35DB26A09E4B00EA6709 /* NotificationsSettingSection.swift */,
				C8DE35E926A0D51500EA6709 /* NotificationsSettingsMethod.swift */,
			);
			path = NotificationsSettings;
			sourceTree = "<group>";
		};
		C8DE35D126A08CD600EA6709 /* PrivacySettings */ = {
			isa = PBXGroup;
			children = (
				C8DE35E326A0B8D400EA6709 /* PrivacySettingsSection.swift */,
				C8DE35E726A0D50500EA6709 /* PrivacySettingsMethods.swift */,
			);
			path = PrivacySettings;
			sourceTree = "<group>";
		};
		C8DE35D226A08CE200EA6709 /* HelpSettings */ = {
			isa = PBXGroup;
			children = (
				C8DE35DF26A0B69600EA6709 /* HelpSettingsSection.swift */,
				C8DE35E526A0D4EA00EA6709 /* HelpSettingsMethods.swift */,
			);
			path = HelpSettings;
			sourceTree = "<group>";
		};
		C8EE2AB02731DAB90048CAE1 /* Profile Setup */ = {
			isa = PBXGroup;
			children = (
				C8EE2AAE2731BFDC0048CAE1 /* NewAccountPopupViewController.swift */,
				C8EE2AB12731DB360048CAE1 /* CompleteProfileViewController.swift */,
			);
			path = "Profile Setup";
			sourceTree = "<group>";
		};
/* End PBXGroup section */

/* Begin PBXNativeTarget section */
		C80E619226680C70004FE2ED /* zip_official */ = {
			isa = PBXNativeTarget;
			buildConfigurationList = C80E61A726680C73004FE2ED /* Build configuration list for PBXNativeTarget "zip_official" */;
			buildPhases = (
				BB0B70991A1092A08C4902F4 /* [CP] Check Pods Manifest.lock */,
				C80E618F26680C70004FE2ED /* Sources */,
				C80E619026680C70004FE2ED /* Frameworks */,
				C80E619126680C70004FE2ED /* Resources */,
				3083EE47C80B83FD9D88FD30 /* [CP] Embed Pods Frameworks */,
				400799F089C9FD8A20C0C377 /* [CP] Copy Pods Resources */,
				C8812039270FAFD5009BF426 /* ShellScript */,
			);
			buildRules = (
			);
			dependencies = (
			);
			name = zip_official;
			productName = zip_official;
			productReference = C80E619326680C70004FE2ED /* zip_official.app */;
			productType = "com.apple.product-type.application";
		};
/* End PBXNativeTarget section */

/* Begin PBXProject section */
		C80E618B26680C70004FE2ED /* Project object */ = {
			isa = PBXProject;
			attributes = {
				LastSwiftUpdateCheck = 1250;
				LastUpgradeCheck = 1250;
				TargetAttributes = {
					C80E619226680C70004FE2ED = {
						CreatedOnToolsVersion = 12.5;
					};
				};
			};
			buildConfigurationList = C80E618E26680C70004FE2ED /* Build configuration list for PBXProject "zip_official" */;
			compatibilityVersion = "Xcode 9.3";
			developmentRegion = en;
			hasScannedForEncodings = 0;
			knownRegions = (
				en,
				Base,
			);
			mainGroup = C80E618A26680C70004FE2ED;
			productRefGroup = C80E619426680C70004FE2ED /* Products */;
			projectDirPath = "";
			projectRoot = "";
			targets = (
				C80E619226680C70004FE2ED /* zip_official */,
			);
		};
/* End PBXProject section */

/* Begin PBXResourcesBuildPhase section */
		C80E619126680C70004FE2ED /* Resources */ = {
			isa = PBXResourcesBuildPhase;
			buildActionMask = 2147483647;
			files = (
				C80E61A026680C73004FE2ED /* Assets.xcassets in Resources */,
				C80627E4274D62AE0028E852 /* GoogleService-Info.plist in Resources */,
			);
			runOnlyForDeploymentPostprocessing = 0;
		};
/* End PBXResourcesBuildPhase section */

/* Begin PBXShellScriptBuildPhase section */
		3083EE47C80B83FD9D88FD30 /* [CP] Embed Pods Frameworks */ = {
			isa = PBXShellScriptBuildPhase;
			buildActionMask = 2147483647;
			files = (
			);
			inputFileListPaths = (
				"${PODS_ROOT}/Target Support Files/Pods-zip_official/Pods-zip_official-frameworks-${CONFIGURATION}-input-files.xcfilelist",
			);
			name = "[CP] Embed Pods Frameworks";
			outputFileListPaths = (
				"${PODS_ROOT}/Target Support Files/Pods-zip_official/Pods-zip_official-frameworks-${CONFIGURATION}-output-files.xcfilelist",
			);
			runOnlyForDeploymentPostprocessing = 0;
			shellPath = /bin/sh;
			shellScript = "\"${PODS_ROOT}/Target Support Files/Pods-zip_official/Pods-zip_official-frameworks.sh\"\n";
			showEnvVarsInLog = 0;
		};
		400799F089C9FD8A20C0C377 /* [CP] Copy Pods Resources */ = {
			isa = PBXShellScriptBuildPhase;
			buildActionMask = 2147483647;
			files = (
			);
			inputFileListPaths = (
				"${PODS_ROOT}/Target Support Files/Pods-zip_official/Pods-zip_official-resources-${CONFIGURATION}-input-files.xcfilelist",
			);
			name = "[CP] Copy Pods Resources";
			outputFileListPaths = (
				"${PODS_ROOT}/Target Support Files/Pods-zip_official/Pods-zip_official-resources-${CONFIGURATION}-output-files.xcfilelist",
			);
			runOnlyForDeploymentPostprocessing = 0;
			shellPath = /bin/sh;
			shellScript = "\"${PODS_ROOT}/Target Support Files/Pods-zip_official/Pods-zip_official-resources.sh\"\n";
			showEnvVarsInLog = 0;
		};
		BB0B70991A1092A08C4902F4 /* [CP] Check Pods Manifest.lock */ = {
			isa = PBXShellScriptBuildPhase;
			buildActionMask = 2147483647;
			files = (
			);
			inputFileListPaths = (
			);
			inputPaths = (
				"${PODS_PODFILE_DIR_PATH}/Podfile.lock",
				"${PODS_ROOT}/Manifest.lock",
			);
			name = "[CP] Check Pods Manifest.lock";
			outputFileListPaths = (
			);
			outputPaths = (
				"$(DERIVED_FILE_DIR)/Pods-zip_official-checkManifestLockResult.txt",
			);
			runOnlyForDeploymentPostprocessing = 0;
			shellPath = /bin/sh;
			shellScript = "diff \"${PODS_PODFILE_DIR_PATH}/Podfile.lock\" \"${PODS_ROOT}/Manifest.lock\" > /dev/null\nif [ $? != 0 ] ; then\n    # print error to STDERR\n    echo \"error: The sandbox is not in sync with the Podfile.lock. Run 'pod install' or update your CocoaPods installation.\" >&2\n    exit 1\nfi\n# This output is used by Xcode 'outputs' to avoid re-running this script phase.\necho \"SUCCESS\" > \"${SCRIPT_OUTPUT_FILE_0}\"\n";
			showEnvVarsInLog = 0;
		};
		C8812039270FAFD5009BF426 /* ShellScript */ = {
			isa = PBXShellScriptBuildPhase;
			buildActionMask = 2147483647;
			files = (
			);
			inputFileListPaths = (
			);
			inputPaths = (
			);
			outputFileListPaths = (
			);
			outputPaths = (
			);
			runOnlyForDeploymentPostprocessing = 0;
			shellPath = /bin/sh;
			shellScript = "\"${PODS_ROOT}/FirebaseCrashlytics/run\"\n";
		};
/* End PBXShellScriptBuildPhase section */

/* Begin PBXSourcesBuildPhase section */
		C80E618F26680C70004FE2ED /* Sources */ = {
			isa = PBXSourcesBuildPhase;
			buildActionMask = 2147483647;
			files = (
				C81D0A6426FA900F00EE3131 /* HostsViewController.swift in Sources */,
				C88B5589267A6A9500A80BAB /* ZFViewController.swift in Sources */,
				C86027F626B3553100449596 /* ProfileTableViewCell.swift in Sources */,
				3706DD79278E0FCE0043CF19 /* Friendship.swift in Sources */,
				37B90B8527CEC63B00DCD657 /* AddImageCollectionViewCell.swift in Sources */,
				C8D06C7A26E9563D006C761F /* Notification.swift in Sources */,
				C8DE35EE26A4794000EA6709 /* ChangeUsernameViewController.swift in Sources */,
				C8DE35C42698C70D00EA6709 /* EventViewController.swift in Sources */,
				C88B558D267D0CFE00A80BAB /* PictureCollectionViewCell.swift in Sources */,
				37B90B8A27CEC6B900DCD657 /* PictureHolder.swift in Sources */,
				C887BB172788E2BF0012F77F /* CreateEventInfoViewController.swift in Sources */,
				C86027EF26AF641700449596 /* OtherProfileViewController.swift in Sources */,
				C8917DFE270CC4DD006A6067 /* RegisterViewController.swift in Sources */,
				C88B55DE26968F4200A80BAB /* ZipMessagesViewController.swift in Sources */,
				C883C8F52742E21200BD36FB /* FPCViewController.swift in Sources */,
				C8DE35E226A0B8C300EA6709 /* AccountSettingsSection.swift in Sources */,
				C86027F826B86F1E00449596 /* EditProfileViewController.swift in Sources */,
				C88B555426695AF800A80BAB /* EventAnnotation.swift in Sources */,
				C8DE35C22698C21600EA6709 /* AppConstants.swift in Sources */,
				C860280126B9D64D00449596 /* InterestSelectionViewController.swift in Sources */,
				C8DE35EA26A0D51500EA6709 /* NotificationsSettingsMethod.swift in Sources */,
				C8917DF9270BA1E4006A6067 /* NewChatViewController.swift in Sources */,
				C860282126D4318100449596 /* FiltersViewController.swift in Sources */,
				C8DE35DC26A09E4B00EA6709 /* NotificationsSettingSection.swift in Sources */,
				C86027FD26B89D5600449596 /* NameTableViewCell.swift in Sources */,
				C8EE2AA72728BDAA0048CAE1 /* BasicProfileSetupViewController.swift in Sources */,
				C8DE35E626A0D4EA00EA6709 /* HelpSettingsMethods.swift in Sources */,
				C86027E826AF0B8A00449596 /* MyZipsTableViewCell.swift in Sources */,
				C8DE35C8269CAACA00EA6709 /* EventFinderTableViewCell.swift in Sources */,
				C8812036270F8CEA009BF426 /* newConversationCell.swift in Sources */,
				C8DE35DE26A0AED700EA6709 /* ChangePasswordViewController.swift in Sources */,
				C894E5E5270CE851008FBB9D /* StorageManager.swift in Sources */,
				C8DE35D426A08D0800EA6709 /* SettingsCategoryViewController.swift in Sources */,
				C88B55D826968E8C00A80BAB /* ZipperTabBarViewController.swift in Sources */,
				C887BB19278B73080012F77F /* CompleteEventViewController.swift in Sources */,
				C8DE35C62698CEFD00EA6709 /* Event.swift in Sources */,
				C8DE35DA26A09DAA00EA6709 /* SettingsTableViewCell.swift in Sources */,
				C8DE35EC26A0D52700EA6709 /* AccountSettingsMethod.swift in Sources */,
				C8DE35E026A0B69600EA6709 /* HelpSettingsSection.swift in Sources */,
				C86027F426B1DD7400449596 /* ZFCardBackView.swift in Sources */,
				C8DE35CC269F650F00EA6709 /* SettingsMainPageViewController.swift in Sources */,
				C860281926CDA28700449596 /* EventInviteTableViewCell.swift in Sources */,
				C8917DF5270B9AF0006A6067 /* PhotoViewerViewController.swift in Sources */,
				C8917DFC270CC465006A6067 /* LoginViewController.swift in Sources */,
				C860281226CDA1C900449596 /* NewsNotificationTableViewCell.swift in Sources */,
				C88B55E426968F7300A80BAB /* EventFinderViewController.swift in Sources */,
				C8DE35E826A0D50500EA6709 /* PrivacySettingsMethods.swift in Sources */,
				C8EE2AA92729F0660048CAE1 /* StatusCheckView.swift in Sources */,
				C86027E526AF0A7E00449596 /* MyZipsViewController.swift in Sources */,
				C860281726CDA26C00449596 /* ZipAcceptedTableViewCell.swift in Sources */,
				C88B558B267B92CE00A80BAB /* ZFCollectionViewCell.swift in Sources */,
				C86027FF26B9A8A700449596 /* SchoolSearchViewController.swift in Sources */,
				C86027EB26AF4FE800449596 /* ZipListViewController.swift in Sources */,
				C860282726DAD49F00449596 /* InviteTableViewCell.swift in Sources */,
				C8EE2AAB272A09020048CAE1 /* ProfilePicSetupViewController.swift in Sources */,
				37B90B8827CEC67B00DCD657 /* GooglePlacesManager.swift in Sources */,
				C88B55E226968F6000A80BAB /* NotificationsViewController.swift in Sources */,
				C860281D26CDA4F900449596 /* EventPublicTableViewCell.swift in Sources */,
				C8812034270E6356009BF426 /* ConversationTableViewCell.swift in Sources */,
				C8597AC827879F8600811EB9 /* CreateEventViewController.swift in Sources */,
				C8EE2AAF2731BFDC0048CAE1 /* NewAccountPopupViewController.swift in Sources */,
				37375E31278FB16600DD8717 /* ZFSingleCardViewController.swift in Sources */,
				C8EE2AAD272A145C0048CAE1 /* PermissionsSetupViewController.swift in Sources */,
				C8EE2AB22731DB360048CAE1 /* CompleteProfileViewController.swift in Sources */,
				C860282526DAB64500449596 /* NewPrivateEventViewController.swift in Sources */,
				37104687284FD7D700898D7A /* UserCache.swift in Sources */,
				37B90B8027CEC60D00DCD657 /* LocationDeniedViewController.swift in Sources */,
				C86027F226B1DD4D00449596 /* ZFCardFrontView.swift in Sources */,
				C894E5E3270CDB72008FBB9D /* DatabaseManager.swift in Sources */,
				C8EE2AA52728A74B0048CAE1 /* SMSCodeViewController.swift in Sources */,
				C88B555626696F3B00A80BAB /* Users.swift in Sources */,
				C860282326D8236A00449596 /* ChatViewController.swift in Sources */,
				C860280626C402C400449596 /* NewPublicEventViewController.swift in Sources */,
				C860281526CDA25100449596 /* ZipRequestTableViewCell.swift in Sources */,
				C86027E326A9D12400449596 /* MyEventsViewController.swift in Sources */,
				C88B55CC2694BE8000A80BAB /* SnappingFlowLayout.swift in Sources */,
				C860280326B9DAC800449596 /* InterestsCollectionViewCell.swift in Sources */,
				C8DE35E426A0B8D400EA6709 /* PrivacySettingsSection.swift in Sources */,
				C8597AC627879E6D00811EB9 /* UserPhotosViewController.swift in Sources */,
				C88B55842679273100A80BAB /* MapViewController.swift in Sources */,
				37B90B7F27CEC60D00DCD657 /* LoadingViewController.swift in Sources */,
				C80627E2274D5A410028E852 /* GeoManager.swift in Sources */,
				C80E61AB26680D0A004FE2ED /* ProfileViewController.swift in Sources */,
				C883C8F72742F55100BD36FB /* FPCLayout.swift in Sources */,
				C80E619726680C70004FE2ED /* AppDelegate.swift in Sources */,
				C86027ED26AF51FB00449596 /* ZipListTableViewCell.swift in Sources */,
				37B90B8627CEC63B00DCD657 /* EditPicturesCollectionViewCell.swift in Sources */,
				C860281F26CEE53100449596 /* ZipRequestsViewController.swift in Sources */,
				C8812038270F9993009BF426 /* Extensions.swift in Sources */,
				C860281B26CDA2C400449596 /* EventUpdateTableViewCell.swift in Sources */,
				C80E619926680C70004FE2ED /* SceneDelegate.swift in Sources */,
				C86027FB26B88BF400449596 /* GrowingCellTableViewCell.swift in Sources */,
			);
			runOnlyForDeploymentPostprocessing = 0;
		};
/* End PBXSourcesBuildPhase section */

/* Begin XCBuildConfiguration section */
		C80E61A526680C73004FE2ED /* Debug */ = {
			isa = XCBuildConfiguration;
			buildSettings = {
				ALWAYS_SEARCH_USER_PATHS = NO;
				CLANG_ANALYZER_NONNULL = YES;
				CLANG_ANALYZER_NUMBER_OBJECT_CONVERSION = YES_AGGRESSIVE;
				CLANG_CXX_LANGUAGE_STANDARD = "gnu++14";
				CLANG_CXX_LIBRARY = "libc++";
				CLANG_ENABLE_MODULES = YES;
				CLANG_ENABLE_OBJC_ARC = YES;
				CLANG_ENABLE_OBJC_WEAK = YES;
				CLANG_WARN_BLOCK_CAPTURE_AUTORELEASING = YES;
				CLANG_WARN_BOOL_CONVERSION = YES;
				CLANG_WARN_COMMA = YES;
				CLANG_WARN_CONSTANT_CONVERSION = YES;
				CLANG_WARN_DEPRECATED_OBJC_IMPLEMENTATIONS = YES;
				CLANG_WARN_DIRECT_OBJC_ISA_USAGE = YES_ERROR;
				CLANG_WARN_DOCUMENTATION_COMMENTS = YES;
				CLANG_WARN_EMPTY_BODY = YES;
				CLANG_WARN_ENUM_CONVERSION = YES;
				CLANG_WARN_INFINITE_RECURSION = YES;
				CLANG_WARN_INT_CONVERSION = YES;
				CLANG_WARN_NON_LITERAL_NULL_CONVERSION = YES;
				CLANG_WARN_OBJC_IMPLICIT_RETAIN_SELF = YES;
				CLANG_WARN_OBJC_LITERAL_CONVERSION = YES;
				CLANG_WARN_OBJC_ROOT_CLASS = YES_ERROR;
				CLANG_WARN_QUOTED_INCLUDE_IN_FRAMEWORK_HEADER = YES;
				CLANG_WARN_RANGE_LOOP_ANALYSIS = YES;
				CLANG_WARN_STRICT_PROTOTYPES = YES;
				CLANG_WARN_SUSPICIOUS_MOVE = YES;
				CLANG_WARN_UNGUARDED_AVAILABILITY = YES_AGGRESSIVE;
				CLANG_WARN_UNREACHABLE_CODE = YES;
				CLANG_WARN__DUPLICATE_METHOD_MATCH = YES;
				COPY_PHASE_STRIP = NO;
				DEBUG_INFORMATION_FORMAT = dwarf;
				ENABLE_STRICT_OBJC_MSGSEND = YES;
				ENABLE_TESTABILITY = YES;
				GCC_C_LANGUAGE_STANDARD = gnu11;
				GCC_DYNAMIC_NO_PIC = NO;
				GCC_NO_COMMON_BLOCKS = YES;
				GCC_OPTIMIZATION_LEVEL = 0;
				GCC_PREPROCESSOR_DEFINITIONS = (
					"DEBUG=1",
					"$(inherited)",
				);
				GCC_WARN_64_TO_32_BIT_CONVERSION = YES;
				GCC_WARN_ABOUT_RETURN_TYPE = YES_ERROR;
				GCC_WARN_UNDECLARED_SELECTOR = YES;
				GCC_WARN_UNINITIALIZED_AUTOS = YES_AGGRESSIVE;
				GCC_WARN_UNUSED_FUNCTION = YES;
				GCC_WARN_UNUSED_VARIABLE = YES;
				IPHONEOS_DEPLOYMENT_TARGET = 14.5;
				MTL_ENABLE_DEBUG_INFO = INCLUDE_SOURCE;
				MTL_FAST_MATH = YES;
				ONLY_ACTIVE_ARCH = YES;
				SDKROOT = iphoneos;
				SWIFT_ACTIVE_COMPILATION_CONDITIONS = DEBUG;
				SWIFT_OPTIMIZATION_LEVEL = "-Onone";
			};
			name = Debug;
		};
		C80E61A626680C73004FE2ED /* Release */ = {
			isa = XCBuildConfiguration;
			buildSettings = {
				ALWAYS_SEARCH_USER_PATHS = NO;
				CLANG_ANALYZER_NONNULL = YES;
				CLANG_ANALYZER_NUMBER_OBJECT_CONVERSION = YES_AGGRESSIVE;
				CLANG_CXX_LANGUAGE_STANDARD = "gnu++14";
				CLANG_CXX_LIBRARY = "libc++";
				CLANG_ENABLE_MODULES = YES;
				CLANG_ENABLE_OBJC_ARC = YES;
				CLANG_ENABLE_OBJC_WEAK = YES;
				CLANG_WARN_BLOCK_CAPTURE_AUTORELEASING = YES;
				CLANG_WARN_BOOL_CONVERSION = YES;
				CLANG_WARN_COMMA = YES;
				CLANG_WARN_CONSTANT_CONVERSION = YES;
				CLANG_WARN_DEPRECATED_OBJC_IMPLEMENTATIONS = YES;
				CLANG_WARN_DIRECT_OBJC_ISA_USAGE = YES_ERROR;
				CLANG_WARN_DOCUMENTATION_COMMENTS = YES;
				CLANG_WARN_EMPTY_BODY = YES;
				CLANG_WARN_ENUM_CONVERSION = YES;
				CLANG_WARN_INFINITE_RECURSION = YES;
				CLANG_WARN_INT_CONVERSION = YES;
				CLANG_WARN_NON_LITERAL_NULL_CONVERSION = YES;
				CLANG_WARN_OBJC_IMPLICIT_RETAIN_SELF = YES;
				CLANG_WARN_OBJC_LITERAL_CONVERSION = YES;
				CLANG_WARN_OBJC_ROOT_CLASS = YES_ERROR;
				CLANG_WARN_QUOTED_INCLUDE_IN_FRAMEWORK_HEADER = YES;
				CLANG_WARN_RANGE_LOOP_ANALYSIS = YES;
				CLANG_WARN_STRICT_PROTOTYPES = YES;
				CLANG_WARN_SUSPICIOUS_MOVE = YES;
				CLANG_WARN_UNGUARDED_AVAILABILITY = YES_AGGRESSIVE;
				CLANG_WARN_UNREACHABLE_CODE = YES;
				CLANG_WARN__DUPLICATE_METHOD_MATCH = YES;
				COPY_PHASE_STRIP = NO;
				DEBUG_INFORMATION_FORMAT = "dwarf-with-dsym";
				ENABLE_NS_ASSERTIONS = NO;
				ENABLE_STRICT_OBJC_MSGSEND = YES;
				GCC_C_LANGUAGE_STANDARD = gnu11;
				GCC_NO_COMMON_BLOCKS = YES;
				GCC_WARN_64_TO_32_BIT_CONVERSION = YES;
				GCC_WARN_ABOUT_RETURN_TYPE = YES_ERROR;
				GCC_WARN_UNDECLARED_SELECTOR = YES;
				GCC_WARN_UNINITIALIZED_AUTOS = YES_AGGRESSIVE;
				GCC_WARN_UNUSED_FUNCTION = YES;
				GCC_WARN_UNUSED_VARIABLE = YES;
				IPHONEOS_DEPLOYMENT_TARGET = 14.5;
				MTL_ENABLE_DEBUG_INFO = NO;
				MTL_FAST_MATH = YES;
				SDKROOT = iphoneos;
				SWIFT_COMPILATION_MODE = wholemodule;
				SWIFT_OPTIMIZATION_LEVEL = "-O";
				VALIDATE_PRODUCT = YES;
			};
			name = Release;
		};
		C80E61A826680C73004FE2ED /* Debug */ = {
			isa = XCBuildConfiguration;
			baseConfigurationReference = 5CC2480B870274A8EF3B334B /* Pods-zip_official.debug.xcconfig */;
			buildSettings = {
				ASSETCATALOG_COMPILER_APPICON_NAME = AppIcon;
				ASSETCATALOG_COMPILER_GLOBAL_ACCENT_COLOR_NAME = AccentColor;
				CODE_SIGN_STYLE = Automatic;
				DEVELOPMENT_TEAM = 8UL5K77PWE;
				INFOPLIST_FILE = zip_official/Info.plist;
				LD_RUNPATH_SEARCH_PATHS = (
					"$(inherited)",
					"@executable_path/Frameworks",
				);
				PRODUCT_BUNDLE_IDENTIFIER = "YZ.zip-official";
				PRODUCT_NAME = "$(TARGET_NAME)";
				SWIFT_VERSION = 5.0;
				TARGETED_DEVICE_FAMILY = "1,2";
			};
			name = Debug;
		};
		C80E61A926680C73004FE2ED /* Release */ = {
			isa = XCBuildConfiguration;
			baseConfigurationReference = 4F59D0231E15FAF2530DBCC4 /* Pods-zip_official.release.xcconfig */;
			buildSettings = {
				ASSETCATALOG_COMPILER_APPICON_NAME = AppIcon;
				ASSETCATALOG_COMPILER_GLOBAL_ACCENT_COLOR_NAME = AccentColor;
				CODE_SIGN_STYLE = Automatic;
				DEVELOPMENT_TEAM = 8UL5K77PWE;
				INFOPLIST_FILE = zip_official/Info.plist;
				LD_RUNPATH_SEARCH_PATHS = (
					"$(inherited)",
					"@executable_path/Frameworks",
				);
				PRODUCT_BUNDLE_IDENTIFIER = "YZ.zip-official";
				PRODUCT_NAME = "$(TARGET_NAME)";
				SWIFT_VERSION = 5.0;
				TARGETED_DEVICE_FAMILY = "1,2";
			};
			name = Release;
		};
/* End XCBuildConfiguration section */

/* Begin XCConfigurationList section */
		C80E618E26680C70004FE2ED /* Build configuration list for PBXProject "zip_official" */ = {
			isa = XCConfigurationList;
			buildConfigurations = (
				C80E61A526680C73004FE2ED /* Debug */,
				C80E61A626680C73004FE2ED /* Release */,
			);
			defaultConfigurationIsVisible = 0;
			defaultConfigurationName = Release;
		};
		C80E61A726680C73004FE2ED /* Build configuration list for PBXNativeTarget "zip_official" */ = {
			isa = XCConfigurationList;
			buildConfigurations = (
				C80E61A826680C73004FE2ED /* Debug */,
				C80E61A926680C73004FE2ED /* Release */,
			);
			defaultConfigurationIsVisible = 0;
			defaultConfigurationName = Release;
		};
/* End XCConfigurationList section */
	};
	rootObject = C80E618B26680C70004FE2ED /* Project object */;
}
